
Microsoft Visual Studio Solution File, Format Version 12.00
# Visual Studio Version 16
VisualStudioVersion = 16.0.30011.22
MinimumVisualStudioVersion = 10.0.40219.1
Project("{FAE04EC0-301F-11D3-BF4B-00C04F79EFBC}") = "GoogleBooks.Api", "GoogleBooks.Api\GoogleBooks.Api.csproj", "{EEC42CB2-DAB7-4B7C-86D1-1594EA366AF8}"
EndProject
Global
	GlobalSection(SolutionConfigurationPlatforms) = preSolution
		Debug|Any CPU = Debug|Any CPU
		Release|Any CPU = Release|Any CPU
	EndGlobalSection
	GlobalSection(ProjectConfigurationPlatforms) = postSolution
		{EEC42CB2-DAB7-4B7C-86D1-1594EA366AF8}.Debug|Any CPU.ActiveCfg = Debug|Any CPU
		{EEC42CB2-DAB7-4B7C-86D1-1594EA366AF8}.Debug|Any CPU.Build.0 = Debug|Any CPU
		{EEC42CB2-DAB7-4B7C-86D1-1594EA366AF8}.Release|Any CPU.ActiveCfg = Release|Any CPU
		{EEC42CB2-DAB7-4B7C-86D1-1594EA366AF8}.Release|Any CPU.Build.0 = Release|Any CPU
	EndGlobalSection
	GlobalSection(SolutionProperties) = preSolution
		HideSolutionNode = FALSE
	EndGlobalSection
	GlobalSection(ExtensibilityGlobals) = postSolution
		SolutionGuid = {49DD649C-E0CE-4CF4-AF3C-784667714715}
	EndGlobalSection
EndGlobal
